
Microsoft Visual Studio Solution File, Format Version 12.00
# Visual Studio 14
VisualStudioVersion = 14.0.25123.0
MinimumVisualStudioVersion = 10.0.40219.1
Project("{FAE04EC0-301F-11D3-BF4B-00C04F79EFBC}") = "CqrsDemo", "CqrsDemo\CqrsDemo.csproj", "{5F7C0B8D-6762-4D0C-B9BB-48A57A732A9E}"
EndProject
Project("{FAE04EC0-301F-11D3-BF4B-00C04F79EFBC}") = "CqrsDemo.Tests", "CqrsDemo.Tests\CqrsDemo.Tests.csproj", "{7FEEACF7-975B-4F0C-958C-04B6673066FE}"
EndProject
Project("{FAE04EC0-301F-11D3-BF4B-00C04F79EFBC}") = "Pyxis.Cqrs", "Pyxis.Cqrs\Pyxis.Cqrs.csproj", "{AE7AF109-5C25-42B2-8301-6EF04C0943FD}"
EndProject
Project("{FAE04EC0-301F-11D3-BF4B-00C04F79EFBC}") = "Pyxis.Cqrs.Tests", "Pyxis.Cqrs.Tests\Pyxis.Cqrs.Tests.csproj", "{B576B454-1B7A-4D28-8873-1A7ED8C0905C}"
EndProject
Project("{FAE04EC0-301F-11D3-BF4B-00C04F79EFBC}") = "Pyxis.Core", "Pyxis.Core\Pyxis.Core.csproj", "{483A9AD0-A84E-4793-B4A1-078C885D03B6}"
EndProject
Project("{FAE04EC0-301F-11D3-BF4B-00C04F79EFBC}") = "Pyxis.Messaging", "Pyxis.Messaging\Pyxis.Messaging.csproj", "{37445682-E1E0-48A4-BC0F-325F0B4A8237}"
EndProject
Project("{FAE04EC0-301F-11D3-BF4B-00C04F79EFBC}") = "Pyxis.Persistance", "Pyxis.Persistance\Pyxis.Persistance.csproj", "{D432EEE9-8765-4DD8-8F7B-E7070D1CD011}"
EndProject
Project("{FAE04EC0-301F-11D3-BF4B-00C04F79EFBC}") = "Pyxis.Persistance.Tests", "Pyxis.Persistance.Tests\Pyxis.Persistance.Tests.csproj", "{15DC9BBF-8D30-4E9E-94DE-8E35E91F65F4}"
EndProject
Project("{FAE04EC0-301F-11D3-BF4B-00C04F79EFBC}") = "Pyxis.Messaging.Tests", "Pyxis.Messaging.Tests\Pyxis.Messaging.Tests.csproj", "{9A3D9E56-3E7A-4106-A3C2-EEF47B4427BE}"
EndProject
Project("{FAE04EC0-301F-11D3-BF4B-00C04F79EFBC}") = "Pyxis.Core.Tests", "Pyxis.Core.Tests\Pyxis.Core.Tests.csproj", "{016B6E92-94EB-4890-B7CD-BA8691475AA8}"
EndProject
Global
	GlobalSection(SolutionConfigurationPlatforms) = preSolution
		Azure Cloud Application|Any CPU = Azure Cloud Application|Any CPU
		Azure Cloud Application|x64 = Azure Cloud Application|x64
		Azure emulator|Any CPU = Azure emulator|Any CPU
		Azure emulator|x64 = Azure emulator|x64
		Debug|Any CPU = Debug|Any CPU
		Debug|x64 = Debug|x64
		Demo|Any CPU = Demo|Any CPU
		Demo|x64 = Demo|x64
		PerfDeploy|Any CPU = PerfDeploy|Any CPU
		PerfDeploy|x64 = PerfDeploy|x64
		qa|Any CPU = qa|Any CPU
		qa|x64 = qa|x64
		Release|Any CPU = Release|Any CPU
		Release|x64 = Release|x64
	EndGlobalSection
	GlobalSection(ProjectConfigurationPlatforms) = postSolution
		{5F7C0B8D-6762-4D0C-B9BB-48A57A732A9E}.Azure Cloud Application|Any CPU.ActiveCfg = Release|Any CPU
		{5F7C0B8D-6762-4D0C-B9BB-48A57A732A9E}.Azure Cloud Application|Any CPU.Build.0 = Release|Any CPU
		{5F7C0B8D-6762-4D0C-B9BB-48A57A732A9E}.Azure Cloud Application|x64.ActiveCfg = Release|Any CPU
		{5F7C0B8D-6762-4D0C-B9BB-48A57A732A9E}.Azure Cloud Application|x64.Build.0 = Release|Any CPU
		{5F7C0B8D-6762-4D0C-B9BB-48A57A732A9E}.Azure emulator|Any CPU.ActiveCfg = Release|Any CPU
		{5F7C0B8D-6762-4D0C-B9BB-48A57A732A9E}.Azure emulator|Any CPU.Build.0 = Release|Any CPU
		{5F7C0B8D-6762-4D0C-B9BB-48A57A732A9E}.Azure emulator|x64.ActiveCfg = Release|Any CPU
		{5F7C0B8D-6762-4D0C-B9BB-48A57A732A9E}.Azure emulator|x64.Build.0 = Release|Any CPU
		{5F7C0B8D-6762-4D0C-B9BB-48A57A732A9E}.Debug|Any CPU.ActiveCfg = Debug|Any CPU
		{5F7C0B8D-6762-4D0C-B9BB-48A57A732A9E}.Debug|Any CPU.Build.0 = Debug|Any CPU
		{5F7C0B8D-6762-4D0C-B9BB-48A57A732A9E}.Debug|x64.ActiveCfg = Debug|Any CPU
		{5F7C0B8D-6762-4D0C-B9BB-48A57A732A9E}.Debug|x64.Build.0 = Debug|Any CPU
		{5F7C0B8D-6762-4D0C-B9BB-48A57A732A9E}.Demo|Any CPU.ActiveCfg = Debug|Any CPU
		{5F7C0B8D-6762-4D0C-B9BB-48A57A732A9E}.Demo|Any CPU.Build.0 = Debug|Any CPU
		{5F7C0B8D-6762-4D0C-B9BB-48A57A732A9E}.Demo|x64.ActiveCfg = Debug|Any CPU
		{5F7C0B8D-6762-4D0C-B9BB-48A57A732A9E}.Demo|x64.Build.0 = Debug|Any CPU
		{5F7C0B8D-6762-4D0C-B9BB-48A57A732A9E}.PerfDeploy|Any CPU.ActiveCfg = Release|Any CPU
		{5F7C0B8D-6762-4D0C-B9BB-48A57A732A9E}.PerfDeploy|Any CPU.Build.0 = Release|Any CPU
		{5F7C0B8D-6762-4D0C-B9BB-48A57A732A9E}.PerfDeploy|x64.ActiveCfg = Release|Any CPU
		{5F7C0B8D-6762-4D0C-B9BB-48A57A732A9E}.PerfDeploy|x64.Build.0 = Release|Any CPU
		{5F7C0B8D-6762-4D0C-B9BB-48A57A732A9E}.qa|Any CPU.ActiveCfg = Release|Any CPU
		{5F7C0B8D-6762-4D0C-B9BB-48A57A732A9E}.qa|Any CPU.Build.0 = Release|Any CPU
		{5F7C0B8D-6762-4D0C-B9BB-48A57A732A9E}.qa|x64.ActiveCfg = Release|Any CPU
		{5F7C0B8D-6762-4D0C-B9BB-48A57A732A9E}.qa|x64.Build.0 = Release|Any CPU
		{5F7C0B8D-6762-4D0C-B9BB-48A57A732A9E}.Release|Any CPU.ActiveCfg = Release|Any CPU
		{5F7C0B8D-6762-4D0C-B9BB-48A57A732A9E}.Release|Any CPU.Build.0 = Release|Any CPU
		{5F7C0B8D-6762-4D0C-B9BB-48A57A732A9E}.Release|x64.ActiveCfg = Release|Any CPU
		{5F7C0B8D-6762-4D0C-B9BB-48A57A732A9E}.Release|x64.Build.0 = Release|Any CPU
		{7FEEACF7-975B-4F0C-958C-04B6673066FE}.Azure Cloud Application|Any CPU.ActiveCfg = Release|Any CPU
		{7FEEACF7-975B-4F0C-958C-04B6673066FE}.Azure Cloud Application|Any CPU.Build.0 = Release|Any CPU
		{7FEEACF7-975B-4F0C-958C-04B6673066FE}.Azure Cloud Application|x64.ActiveCfg = Release|Any CPU
		{7FEEACF7-975B-4F0C-958C-04B6673066FE}.Azure Cloud Application|x64.Build.0 = Release|Any CPU
		{7FEEACF7-975B-4F0C-958C-04B6673066FE}.Azure emulator|Any CPU.ActiveCfg = Release|Any CPU
		{7FEEACF7-975B-4F0C-958C-04B6673066FE}.Azure emulator|Any CPU.Build.0 = Release|Any CPU
		{7FEEACF7-975B-4F0C-958C-04B6673066FE}.Azure emulator|x64.ActiveCfg = Release|Any CPU
		{7FEEACF7-975B-4F0C-958C-04B6673066FE}.Azure emulator|x64.Build.0 = Release|Any CPU
		{7FEEACF7-975B-4F0C-958C-04B6673066FE}.Debug|Any CPU.ActiveCfg = Debug|Any CPU
		{7FEEACF7-975B-4F0C-958C-04B6673066FE}.Debug|Any CPU.Build.0 = Debug|Any CPU
		{7FEEACF7-975B-4F0C-958C-04B6673066FE}.Debug|x64.ActiveCfg = Debug|Any CPU
		{7FEEACF7-975B-4F0C-958C-04B6673066FE}.Debug|x64.Build.0 = Debug|Any CPU
		{7FEEACF7-975B-4F0C-958C-04B6673066FE}.Demo|Any CPU.ActiveCfg = Debug|Any CPU
		{7FEEACF7-975B-4F0C-958C-04B6673066FE}.Demo|Any CPU.Build.0 = Debug|Any CPU
		{7FEEACF7-975B-4F0C-958C-04B6673066FE}.Demo|x64.ActiveCfg = Debug|Any CPU
		{7FEEACF7-975B-4F0C-958C-04B6673066FE}.Demo|x64.Build.0 = Debug|Any CPU
		{7FEEACF7-975B-4F0C-958C-04B6673066FE}.PerfDeploy|Any CPU.ActiveCfg = Release|Any CPU
		{7FEEACF7-975B-4F0C-958C-04B6673066FE}.PerfDeploy|Any CPU.Build.0 = Release|Any CPU
		{7FEEACF7-975B-4F0C-958C-04B6673066FE}.PerfDeploy|x64.ActiveCfg = Release|Any CPU
		{7FEEACF7-975B-4F0C-958C-04B6673066FE}.PerfDeploy|x64.Build.0 = Release|Any CPU
		{7FEEACF7-975B-4F0C-958C-04B6673066FE}.qa|Any CPU.ActiveCfg = Release|Any CPU
		{7FEEACF7-975B-4F0C-958C-04B6673066FE}.qa|Any CPU.Build.0 = Release|Any CPU
		{7FEEACF7-975B-4F0C-958C-04B6673066FE}.qa|x64.ActiveCfg = Release|Any CPU
		{7FEEACF7-975B-4F0C-958C-04B6673066FE}.qa|x64.Build.0 = Release|Any CPU
		{7FEEACF7-975B-4F0C-958C-04B6673066FE}.Release|Any CPU.ActiveCfg = Release|Any CPU
		{7FEEACF7-975B-4F0C-958C-04B6673066FE}.Release|Any CPU.Build.0 = Release|Any CPU
		{7FEEACF7-975B-4F0C-958C-04B6673066FE}.Release|x64.ActiveCfg = Release|Any CPU
		{7FEEACF7-975B-4F0C-958C-04B6673066FE}.Release|x64.Build.0 = Release|Any CPU
		{AE7AF109-5C25-42B2-8301-6EF04C0943FD}.Azure Cloud Application|Any CPU.ActiveCfg = qa|Any CPU
		{AE7AF109-5C25-42B2-8301-6EF04C0943FD}.Azure Cloud Application|Any CPU.Build.0 = qa|Any CPU
		{AE7AF109-5C25-42B2-8301-6EF04C0943FD}.Azure Cloud Application|x64.ActiveCfg = qa|Any CPU
		{AE7AF109-5C25-42B2-8301-6EF04C0943FD}.Azure Cloud Application|x64.Build.0 = qa|Any CPU
		{AE7AF109-5C25-42B2-8301-6EF04C0943FD}.Azure emulator|Any CPU.ActiveCfg = qa|Any CPU
		{AE7AF109-5C25-42B2-8301-6EF04C0943FD}.Azure emulator|Any CPU.Build.0 = qa|Any CPU
		{AE7AF109-5C25-42B2-8301-6EF04C0943FD}.Azure emulator|x64.ActiveCfg = qa|Any CPU
		{AE7AF109-5C25-42B2-8301-6EF04C0943FD}.Azure emulator|x64.Build.0 = qa|Any CPU
		{AE7AF109-5C25-42B2-8301-6EF04C0943FD}.Debug|Any CPU.ActiveCfg = Debug|Any CPU
		{AE7AF109-5C25-42B2-8301-6EF04C0943FD}.Debug|Any CPU.Build.0 = Debug|Any CPU
		{AE7AF109-5C25-42B2-8301-6EF04C0943FD}.Debug|x64.ActiveCfg = Debug|Any CPU
		{AE7AF109-5C25-42B2-8301-6EF04C0943FD}.Debug|x64.Build.0 = Debug|Any CPU
		{AE7AF109-5C25-42B2-8301-6EF04C0943FD}.Demo|Any CPU.ActiveCfg = Demo|Any CPU
		{AE7AF109-5C25-42B2-8301-6EF04C0943FD}.Demo|Any CPU.Build.0 = Demo|Any CPU
		{AE7AF109-5C25-42B2-8301-6EF04C0943FD}.Demo|x64.ActiveCfg = Demo|Any CPU
		{AE7AF109-5C25-42B2-8301-6EF04C0943FD}.Demo|x64.Build.0 = Demo|Any CPU
		{AE7AF109-5C25-42B2-8301-6EF04C0943FD}.PerfDeploy|Any CPU.ActiveCfg = qa|Any CPU
		{AE7AF109-5C25-42B2-8301-6EF04C0943FD}.PerfDeploy|Any CPU.Build.0 = qa|Any CPU
		{AE7AF109-5C25-42B2-8301-6EF04C0943FD}.PerfDeploy|x64.ActiveCfg = qa|Any CPU
		{AE7AF109-5C25-42B2-8301-6EF04C0943FD}.PerfDeploy|x64.Build.0 = qa|Any CPU
		{AE7AF109-5C25-42B2-8301-6EF04C0943FD}.qa|Any CPU.ActiveCfg = qa|Any CPU
		{AE7AF109-5C25-42B2-8301-6EF04C0943FD}.qa|Any CPU.Build.0 = qa|Any CPU
		{AE7AF109-5C25-42B2-8301-6EF04C0943FD}.qa|x64.ActiveCfg = qa|Any CPU
		{AE7AF109-5C25-42B2-8301-6EF04C0943FD}.qa|x64.Build.0 = qa|Any CPU
		{AE7AF109-5C25-42B2-8301-6EF04C0943FD}.Release|Any CPU.ActiveCfg = Release|Any CPU
		{AE7AF109-5C25-42B2-8301-6EF04C0943FD}.Release|Any CPU.Build.0 = Release|Any CPU
		{AE7AF109-5C25-42B2-8301-6EF04C0943FD}.Release|x64.ActiveCfg = Release|Any CPU
		{AE7AF109-5C25-42B2-8301-6EF04C0943FD}.Release|x64.Build.0 = Release|Any CPU
		{B576B454-1B7A-4D28-8873-1A7ED8C0905C}.Azure Cloud Application|Any CPU.ActiveCfg = qa|Any CPU
		{B576B454-1B7A-4D28-8873-1A7ED8C0905C}.Azure Cloud Application|Any CPU.Build.0 = qa|Any CPU
		{B576B454-1B7A-4D28-8873-1A7ED8C0905C}.Azure Cloud Application|x64.ActiveCfg = qa|Any CPU
		{B576B454-1B7A-4D28-8873-1A7ED8C0905C}.Azure Cloud Application|x64.Build.0 = qa|Any CPU
		{B576B454-1B7A-4D28-8873-1A7ED8C0905C}.Azure emulator|Any CPU.ActiveCfg = qa|Any CPU
		{B576B454-1B7A-4D28-8873-1A7ED8C0905C}.Azure emulator|Any CPU.Build.0 = qa|Any CPU
		{B576B454-1B7A-4D28-8873-1A7ED8C0905C}.Azure emulator|x64.ActiveCfg = qa|Any CPU
		{B576B454-1B7A-4D28-8873-1A7ED8C0905C}.Azure emulator|x64.Build.0 = qa|Any CPU
		{B576B454-1B7A-4D28-8873-1A7ED8C0905C}.Debug|Any CPU.ActiveCfg = Debug|Any CPU
		{B576B454-1B7A-4D28-8873-1A7ED8C0905C}.Debug|Any CPU.Build.0 = Debug|Any CPU
		{B576B454-1B7A-4D28-8873-1A7ED8C0905C}.Debug|x64.ActiveCfg = Debug|Any CPU
		{B576B454-1B7A-4D28-8873-1A7ED8C0905C}.Debug|x64.Build.0 = Debug|Any CPU
		{B576B454-1B7A-4D28-8873-1A7ED8C0905C}.Demo|Any CPU.ActiveCfg = Demo|Any CPU
		{B576B454-1B7A-4D28-8873-1A7ED8C0905C}.Demo|Any CPU.Build.0 = Demo|Any CPU
		{B576B454-1B7A-4D28-8873-1A7ED8C0905C}.Demo|x64.ActiveCfg = Demo|Any CPU
		{B576B454-1B7A-4D28-8873-1A7ED8C0905C}.Demo|x64.Build.0 = Demo|Any CPU
		{B576B454-1B7A-4D28-8873-1A7ED8C0905C}.PerfDeploy|Any CPU.ActiveCfg = qa|Any CPU
		{B576B454-1B7A-4D28-8873-1A7ED8C0905C}.PerfDeploy|Any CPU.Build.0 = qa|Any CPU
		{B576B454-1B7A-4D28-8873-1A7ED8C0905C}.PerfDeploy|x64.ActiveCfg = qa|Any CPU
		{B576B454-1B7A-4D28-8873-1A7ED8C0905C}.PerfDeploy|x64.Build.0 = qa|Any CPU
		{B576B454-1B7A-4D28-8873-1A7ED8C0905C}.qa|Any CPU.ActiveCfg = qa|Any CPU
		{B576B454-1B7A-4D28-8873-1A7ED8C0905C}.qa|Any CPU.Build.0 = qa|Any CPU
		{B576B454-1B7A-4D28-8873-1A7ED8C0905C}.qa|x64.ActiveCfg = qa|Any CPU
		{B576B454-1B7A-4D28-8873-1A7ED8C0905C}.qa|x64.Build.0 = qa|Any CPU
		{B576B454-1B7A-4D28-8873-1A7ED8C0905C}.Release|Any CPU.ActiveCfg = Release|Any CPU
		{B576B454-1B7A-4D28-8873-1A7ED8C0905C}.Release|Any CPU.Build.0 = Release|Any CPU
		{B576B454-1B7A-4D28-8873-1A7ED8C0905C}.Release|x64.ActiveCfg = Release|Any CPU
		{B576B454-1B7A-4D28-8873-1A7ED8C0905C}.Release|x64.Build.0 = Release|Any CPU
		{483A9AD0-A84E-4793-B4A1-078C885D03B6}.Azure Cloud Application|Any CPU.ActiveCfg = Release|Any CPU
		{483A9AD0-A84E-4793-B4A1-078C885D03B6}.Azure Cloud Application|Any CPU.Build.0 = Release|Any CPU
		{483A9AD0-A84E-4793-B4A1-078C885D03B6}.Azure Cloud Application|x64.ActiveCfg = Release|Any CPU
		{483A9AD0-A84E-4793-B4A1-078C885D03B6}.Azure Cloud Application|x64.Build.0 = Release|Any CPU
		{483A9AD0-A84E-4793-B4A1-078C885D03B6}.Azure emulator|Any CPU.ActiveCfg = Release|Any CPU
		{483A9AD0-A84E-4793-B4A1-078C885D03B6}.Azure emulator|Any CPU.Build.0 = Release|Any CPU
		{483A9AD0-A84E-4793-B4A1-078C885D03B6}.Azure emulator|x64.ActiveCfg = Release|Any CPU
		{483A9AD0-A84E-4793-B4A1-078C885D03B6}.Azure emulator|x64.Build.0 = Release|Any CPU
		{483A9AD0-A84E-4793-B4A1-078C885D03B6}.Debug|Any CPU.ActiveCfg = Debug|Any CPU
		{483A9AD0-A84E-4793-B4A1-078C885D03B6}.Debug|Any CPU.Build.0 = Debug|Any CPU
		{483A9AD0-A84E-4793-B4A1-078C885D03B6}.Debug|x64.ActiveCfg = Debug|Any CPU
		{483A9AD0-A84E-4793-B4A1-078C885D03B6}.Debug|x64.Build.0 = Debug|Any CPU
		{483A9AD0-A84E-4793-B4A1-078C885D03B6}.Demo|Any CPU.ActiveCfg = Debug|Any CPU
		{483A9AD0-A84E-4793-B4A1-078C885D03B6}.Demo|Any CPU.Build.0 = Debug|Any CPU
		{483A9AD0-A84E-4793-B4A1-078C885D03B6}.Demo|x64.ActiveCfg = Debug|Any CPU
		{483A9AD0-A84E-4793-B4A1-078C885D03B6}.Demo|x64.Build.0 = Debug|Any CPU
		{483A9AD0-A84E-4793-B4A1-078C885D03B6}.PerfDeploy|Any CPU.ActiveCfg = Release|Any CPU
		{483A9AD0-A84E-4793-B4A1-078C885D03B6}.PerfDeploy|Any CPU.Build.0 = Release|Any CPU
		{483A9AD0-A84E-4793-B4A1-078C885D03B6}.PerfDeploy|x64.ActiveCfg = Release|Any CPU
		{483A9AD0-A84E-4793-B4A1-078C885D03B6}.PerfDeploy|x64.Build.0 = Release|Any CPU
		{483A9AD0-A84E-4793-B4A1-078C885D03B6}.qa|Any CPU.ActiveCfg = Release|Any CPU
		{483A9AD0-A84E-4793-B4A1-078C885D03B6}.qa|Any CPU.Build.0 = Release|Any CPU
		{483A9AD0-A84E-4793-B4A1-078C885D03B6}.qa|x64.ActiveCfg = Release|Any CPU
		{483A9AD0-A84E-4793-B4A1-078C885D03B6}.qa|x64.Build.0 = Release|Any CPU
		{483A9AD0-A84E-4793-B4A1-078C885D03B6}.Release|Any CPU.ActiveCfg = Release|Any CPU
		{483A9AD0-A84E-4793-B4A1-078C885D03B6}.Release|Any CPU.Build.0 = Release|Any CPU
		{483A9AD0-A84E-4793-B4A1-078C885D03B6}.Release|x64.ActiveCfg = Release|Any CPU
		{483A9AD0-A84E-4793-B4A1-078C885D03B6}.Release|x64.Build.0 = Release|Any CPU
		{37445682-E1E0-48A4-BC0F-325F0B4A8237}.Azure Cloud Application|Any CPU.ActiveCfg = Release|Any CPU
		{37445682-E1E0-48A4-BC0F-325F0B4A8237}.Azure Cloud Application|Any CPU.Build.0 = Release|Any CPU
		{37445682-E1E0-48A4-BC0F-325F0B4A8237}.Azure Cloud Application|x64.ActiveCfg = Release|Any CPU
		{37445682-E1E0-48A4-BC0F-325F0B4A8237}.Azure Cloud Application|x64.Build.0 = Release|Any CPU
		{37445682-E1E0-48A4-BC0F-325F0B4A8237}.Azure emulator|Any CPU.ActiveCfg = Release|Any CPU
		{37445682-E1E0-48A4-BC0F-325F0B4A8237}.Azure emulator|Any CPU.Build.0 = Release|Any CPU
		{37445682-E1E0-48A4-BC0F-325F0B4A8237}.Azure emulator|x64.ActiveCfg = Release|Any CPU
		{37445682-E1E0-48A4-BC0F-325F0B4A8237}.Azure emulator|x64.Build.0 = Release|Any CPU
		{37445682-E1E0-48A4-BC0F-325F0B4A8237}.Debug|Any CPU.ActiveCfg = Debug|Any CPU
		{37445682-E1E0-48A4-BC0F-325F0B4A8237}.Debug|Any CPU.Build.0 = Debug|Any CPU
		{37445682-E1E0-48A4-BC0F-325F0B4A8237}.Debug|x64.ActiveCfg = Debug|Any CPU
		{37445682-E1E0-48A4-BC0F-325F0B4A8237}.Debug|x64.Build.0 = Debug|Any CPU
		{37445682-E1E0-48A4-BC0F-325F0B4A8237}.Demo|Any CPU.ActiveCfg = Debug|Any CPU
		{37445682-E1E0-48A4-BC0F-325F0B4A8237}.Demo|Any CPU.Build.0 = Debug|Any CPU
		{37445682-E1E0-48A4-BC0F-325F0B4A8237}.Demo|x64.ActiveCfg = Debug|Any CPU
		{37445682-E1E0-48A4-BC0F-325F0B4A8237}.Demo|x64.Build.0 = Debug|Any CPU
		{37445682-E1E0-48A4-BC0F-325F0B4A8237}.PerfDeploy|Any CPU.ActiveCfg = Release|Any CPU
		{37445682-E1E0-48A4-BC0F-325F0B4A8237}.PerfDeploy|Any CPU.Build.0 = Release|Any CPU
		{37445682-E1E0-48A4-BC0F-325F0B4A8237}.PerfDeploy|x64.ActiveCfg = Release|Any CPU
		{37445682-E1E0-48A4-BC0F-325F0B4A8237}.PerfDeploy|x64.Build.0 = Release|Any CPU
		{37445682-E1E0-48A4-BC0F-325F0B4A8237}.qa|Any CPU.ActiveCfg = Release|Any CPU
		{37445682-E1E0-48A4-BC0F-325F0B4A8237}.qa|Any CPU.Build.0 = Release|Any CPU
		{37445682-E1E0-48A4-BC0F-325F0B4A8237}.qa|x64.ActiveCfg = Release|Any CPU
		{37445682-E1E0-48A4-BC0F-325F0B4A8237}.qa|x64.Build.0 = Release|Any CPU
		{37445682-E1E0-48A4-BC0F-325F0B4A8237}.Release|Any CPU.ActiveCfg = Release|Any CPU
		{37445682-E1E0-48A4-BC0F-325F0B4A8237}.Release|Any CPU.Build.0 = Release|Any CPU
		{37445682-E1E0-48A4-BC0F-325F0B4A8237}.Release|x64.ActiveCfg = Release|Any CPU
		{37445682-E1E0-48A4-BC0F-325F0B4A8237}.Release|x64.Build.0 = Release|Any CPU
		{D432EEE9-8765-4DD8-8F7B-E7070D1CD011}.Azure Cloud Application|Any CPU.ActiveCfg = Release|Any CPU
		{D432EEE9-8765-4DD8-8F7B-E7070D1CD011}.Azure Cloud Application|Any CPU.Build.0 = Release|Any CPU
		{D432EEE9-8765-4DD8-8F7B-E7070D1CD011}.Azure Cloud Application|x64.ActiveCfg = Release|Any CPU
		{D432EEE9-8765-4DD8-8F7B-E7070D1CD011}.Azure Cloud Application|x64.Build.0 = Release|Any CPU
		{D432EEE9-8765-4DD8-8F7B-E7070D1CD011}.Azure emulator|Any CPU.ActiveCfg = Release|Any CPU
		{D432EEE9-8765-4DD8-8F7B-E7070D1CD011}.Azure emulator|Any CPU.Build.0 = Release|Any CPU
		{D432EEE9-8765-4DD8-8F7B-E7070D1CD011}.Azure emulator|x64.ActiveCfg = Release|Any CPU
		{D432EEE9-8765-4DD8-8F7B-E7070D1CD011}.Azure emulator|x64.Build.0 = Release|Any CPU
		{D432EEE9-8765-4DD8-8F7B-E7070D1CD011}.Debug|Any CPU.ActiveCfg = Debug|Any CPU
		{D432EEE9-8765-4DD8-8F7B-E7070D1CD011}.Debug|Any CPU.Build.0 = Debug|Any CPU
		{D432EEE9-8765-4DD8-8F7B-E7070D1CD011}.Debug|x64.ActiveCfg = Debug|Any CPU
		{D432EEE9-8765-4DD8-8F7B-E7070D1CD011}.Debug|x64.Build.0 = Debug|Any CPU
		{D432EEE9-8765-4DD8-8F7B-E7070D1CD011}.Demo|Any CPU.ActiveCfg = Debug|Any CPU
		{D432EEE9-8765-4DD8-8F7B-E7070D1CD011}.Demo|Any CPU.Build.0 = Debug|Any CPU
		{D432EEE9-8765-4DD8-8F7B-E7070D1CD011}.Demo|x64.ActiveCfg = Debug|Any CPU
		{D432EEE9-8765-4DD8-8F7B-E7070D1CD011}.Demo|x64.Build.0 = Debug|Any CPU
		{D432EEE9-8765-4DD8-8F7B-E7070D1CD011}.PerfDeploy|Any CPU.ActiveCfg = Release|Any CPU
		{D432EEE9-8765-4DD8-8F7B-E7070D1CD011}.PerfDeploy|Any CPU.Build.0 = Release|Any CPU
		{D432EEE9-8765-4DD8-8F7B-E7070D1CD011}.PerfDeploy|x64.ActiveCfg = Release|Any CPU
		{D432EEE9-8765-4DD8-8F7B-E7070D1CD011}.PerfDeploy|x64.Build.0 = Release|Any CPU
		{D432EEE9-8765-4DD8-8F7B-E7070D1CD011}.qa|Any CPU.ActiveCfg = Release|Any CPU
		{D432EEE9-8765-4DD8-8F7B-E7070D1CD011}.qa|Any CPU.Build.0 = Release|Any CPU
		{D432EEE9-8765-4DD8-8F7B-E7070D1CD011}.qa|x64.ActiveCfg = Release|Any CPU
		{D432EEE9-8765-4DD8-8F7B-E7070D1CD011}.qa|x64.Build.0 = Release|Any CPU
		{D432EEE9-8765-4DD8-8F7B-E7070D1CD011}.Release|Any CPU.ActiveCfg = Release|Any CPU
		{D432EEE9-8765-4DD8-8F7B-E7070D1CD011}.Release|Any CPU.Build.0 = Release|Any CPU
		{D432EEE9-8765-4DD8-8F7B-E7070D1CD011}.Release|x64.ActiveCfg = Release|Any CPU
		{D432EEE9-8765-4DD8-8F7B-E7070D1CD011}.Release|x64.Build.0 = Release|Any CPU
		{15DC9BBF-8D30-4E9E-94DE-8E35E91F65F4}.Azure Cloud Application|Any CPU.ActiveCfg = Release|Any CPU
		{15DC9BBF-8D30-4E9E-94DE-8E35E91F65F4}.Azure Cloud Application|Any CPU.Build.0 = Release|Any CPU
		{15DC9BBF-8D30-4E9E-94DE-8E35E91F65F4}.Azure Cloud Application|x64.ActiveCfg = Release|Any CPU
		{15DC9BBF-8D30-4E9E-94DE-8E35E91F65F4}.Azure Cloud Application|x64.Build.0 = Release|Any CPU
		{15DC9BBF-8D30-4E9E-94DE-8E35E91F65F4}.Azure emulator|Any CPU.ActiveCfg = Release|Any CPU
		{15DC9BBF-8D30-4E9E-94DE-8E35E91F65F4}.Azure emulator|Any CPU.Build.0 = Release|Any CPU
		{15DC9BBF-8D30-4E9E-94DE-8E35E91F65F4}.Azure emulator|x64.ActiveCfg = Release|Any CPU
		{15DC9BBF-8D30-4E9E-94DE-8E35E91F65F4}.Azure emulator|x64.Build.0 = Release|Any CPU
		{15DC9BBF-8D30-4E9E-94DE-8E35E91F65F4}.Debug|Any CPU.ActiveCfg = Debug|Any CPU
		{15DC9BBF-8D30-4E9E-94DE-8E35E91F65F4}.Debug|Any CPU.Build.0 = Debug|Any CPU
		{15DC9BBF-8D30-4E9E-94DE-8E35E91F65F4}.Debug|x64.ActiveCfg = Debug|Any CPU
		{15DC9BBF-8D30-4E9E-94DE-8E35E91F65F4}.Debug|x64.Build.0 = Debug|Any CPU
		{15DC9BBF-8D30-4E9E-94DE-8E35E91F65F4}.Demo|Any CPU.ActiveCfg = Debug|Any CPU
		{15DC9BBF-8D30-4E9E-94DE-8E35E91F65F4}.Demo|Any CPU.Build.0 = Debug|Any CPU
		{15DC9BBF-8D30-4E9E-94DE-8E35E91F65F4}.Demo|x64.ActiveCfg = Debug|Any CPU
		{15DC9BBF-8D30-4E9E-94DE-8E35E91F65F4}.Demo|x64.Build.0 = Debug|Any CPU
		{15DC9BBF-8D30-4E9E-94DE-8E35E91F65F4}.PerfDeploy|Any CPU.ActiveCfg = Release|Any CPU
		{15DC9BBF-8D30-4E9E-94DE-8E35E91F65F4}.PerfDeploy|Any CPU.Build.0 = Release|Any CPU
		{15DC9BBF-8D30-4E9E-94DE-8E35E91F65F4}.PerfDeploy|x64.ActiveCfg = Release|Any CPU
		{15DC9BBF-8D30-4E9E-94DE-8E35E91F65F4}.PerfDeploy|x64.Build.0 = Release|Any CPU
		{15DC9BBF-8D30-4E9E-94DE-8E35E91F65F4}.qa|Any CPU.ActiveCfg = Release|Any CPU
		{15DC9BBF-8D30-4E9E-94DE-8E35E91F65F4}.qa|Any CPU.Build.0 = Release|Any CPU
		{15DC9BBF-8D30-4E9E-94DE-8E35E91F65F4}.qa|x64.ActiveCfg = Release|Any CPU
		{15DC9BBF-8D30-4E9E-94DE-8E35E91F65F4}.qa|x64.Build.0 = Release|Any CPU
		{15DC9BBF-8D30-4E9E-94DE-8E35E91F65F4}.Release|Any CPU.ActiveCfg = Release|Any CPU
		{15DC9BBF-8D30-4E9E-94DE-8E35E91F65F4}.Release|Any CPU.Build.0 = Release|Any CPU
		{15DC9BBF-8D30-4E9E-94DE-8E35E91F65F4}.Release|x64.ActiveCfg = Release|Any CPU
		{15DC9BBF-8D30-4E9E-94DE-8E35E91F65F4}.Release|x64.Build.0 = Release|Any CPU
		{9A3D9E56-3E7A-4106-A3C2-EEF47B4427BE}.Azure Cloud Application|Any CPU.ActiveCfg = Release|Any CPU
		{9A3D9E56-3E7A-4106-A3C2-EEF47B4427BE}.Azure Cloud Application|Any CPU.Build.0 = Release|Any CPU
		{9A3D9E56-3E7A-4106-A3C2-EEF47B4427BE}.Azure Cloud Application|x64.ActiveCfg = Release|Any CPU
		{9A3D9E56-3E7A-4106-A3C2-EEF47B4427BE}.Azure Cloud Application|x64.Build.0 = Release|Any CPU
		{9A3D9E56-3E7A-4106-A3C2-EEF47B4427BE}.Azure emulator|Any CPU.ActiveCfg = Release|Any CPU
		{9A3D9E56-3E7A-4106-A3C2-EEF47B4427BE}.Azure emulator|Any CPU.Build.0 = Release|Any CPU
		{9A3D9E56-3E7A-4106-A3C2-EEF47B4427BE}.Azure emulator|x64.ActiveCfg = Release|Any CPU
		{9A3D9E56-3E7A-4106-A3C2-EEF47B4427BE}.Azure emulator|x64.Build.0 = Release|Any CPU
		{9A3D9E56-3E7A-4106-A3C2-EEF47B4427BE}.Debug|Any CPU.ActiveCfg = Debug|Any CPU
		{9A3D9E56-3E7A-4106-A3C2-EEF47B4427BE}.Debug|Any CPU.Build.0 = Debug|Any CPU
		{9A3D9E56-3E7A-4106-A3C2-EEF47B4427BE}.Debug|x64.ActiveCfg = Debug|Any CPU
		{9A3D9E56-3E7A-4106-A3C2-EEF47B4427BE}.Debug|x64.Build.0 = Debug|Any CPU
		{9A3D9E56-3E7A-4106-A3C2-EEF47B4427BE}.Demo|Any CPU.ActiveCfg = Debug|Any CPU
		{9A3D9E56-3E7A-4106-A3C2-EEF47B4427BE}.Demo|Any CPU.Build.0 = Debug|Any CPU
		{9A3D9E56-3E7A-4106-A3C2-EEF47B4427BE}.Demo|x64.ActiveCfg = Debug|Any CPU
		{9A3D9E56-3E7A-4106-A3C2-EEF47B4427BE}.Demo|x64.Build.0 = Debug|Any CPU
		{9A3D9E56-3E7A-4106-A3C2-EEF47B4427BE}.PerfDeploy|Any CPU.ActiveCfg = Release|Any CPU
		{9A3D9E56-3E7A-4106-A3C2-EEF47B4427BE}.PerfDeploy|Any CPU.Build.0 = Release|Any CPU
		{9A3D9E56-3E7A-4106-A3C2-EEF47B4427BE}.PerfDeploy|x64.ActiveCfg = Release|Any CPU
		{9A3D9E56-3E7A-4106-A3C2-EEF47B4427BE}.PerfDeploy|x64.Build.0 = Release|Any CPU
		{9A3D9E56-3E7A-4106-A3C2-EEF47B4427BE}.qa|Any CPU.ActiveCfg = Release|Any CPU
		{9A3D9E56-3E7A-4106-A3C2-EEF47B4427BE}.qa|Any CPU.Build.0 = Release|Any CPU
		{9A3D9E56-3E7A-4106-A3C2-EEF47B4427BE}.qa|x64.ActiveCfg = Release|Any CPU
		{9A3D9E56-3E7A-4106-A3C2-EEF47B4427BE}.qa|x64.Build.0 = Release|Any CPU
		{9A3D9E56-3E7A-4106-A3C2-EEF47B4427BE}.Release|Any CPU.ActiveCfg = Release|Any CPU
		{9A3D9E56-3E7A-4106-A3C2-EEF47B4427BE}.Release|Any CPU.Build.0 = Release|Any CPU
		{9A3D9E56-3E7A-4106-A3C2-EEF47B4427BE}.Release|x64.ActiveCfg = Release|Any CPU
		{9A3D9E56-3E7A-4106-A3C2-EEF47B4427BE}.Release|x64.Build.0 = Release|Any CPU
		{016B6E92-94EB-4890-B7CD-BA8691475AA8}.Azure Cloud Application|Any CPU.ActiveCfg = Release|Any CPU
		{016B6E92-94EB-4890-B7CD-BA8691475AA8}.Azure Cloud Application|Any CPU.Build.0 = Release|Any CPU
		{016B6E92-94EB-4890-B7CD-BA8691475AA8}.Azure Cloud Application|x64.ActiveCfg = Release|Any CPU
		{016B6E92-94EB-4890-B7CD-BA8691475AA8}.Azure Cloud Application|x64.Build.0 = Release|Any CPU
		{016B6E92-94EB-4890-B7CD-BA8691475AA8}.Azure emulator|Any CPU.ActiveCfg = Release|Any CPU
		{016B6E92-94EB-4890-B7CD-BA8691475AA8}.Azure emulator|Any CPU.Build.0 = Release|Any CPU
		{016B6E92-94EB-4890-B7CD-BA8691475AA8}.Azure emulator|x64.ActiveCfg = Release|Any CPU
		{016B6E92-94EB-4890-B7CD-BA8691475AA8}.Azure emulator|x64.Build.0 = Release|Any CPU
		{016B6E92-94EB-4890-B7CD-BA8691475AA8}.Debug|Any CPU.ActiveCfg = Debug|Any CPU
		{016B6E92-94EB-4890-B7CD-BA8691475AA8}.Debug|Any CPU.Build.0 = Debug|Any CPU
		{016B6E92-94EB-4890-B7CD-BA8691475AA8}.Debug|x64.ActiveCfg = Debug|Any CPU
		{016B6E92-94EB-4890-B7CD-BA8691475AA8}.Debug|x64.Build.0 = Debug|Any CPU
		{016B6E92-94EB-4890-B7CD-BA8691475AA8}.Demo|Any CPU.ActiveCfg = Debug|Any CPU
		{016B6E92-94EB-4890-B7CD-BA8691475AA8}.Demo|Any CPU.Build.0 = Debug|Any CPU
		{016B6E92-94EB-4890-B7CD-BA8691475AA8}.Demo|x64.ActiveCfg = Debug|Any CPU
		{016B6E92-94EB-4890-B7CD-BA8691475AA8}.Demo|x64.Build.0 = Debug|Any CPU
		{016B6E92-94EB-4890-B7CD-BA8691475AA8}.PerfDeploy|Any CPU.ActiveCfg = Release|Any CPU
		{016B6E92-94EB-4890-B7CD-BA8691475AA8}.PerfDeploy|Any CPU.Build.0 = Release|Any CPU
		{016B6E92-94EB-4890-B7CD-BA8691475AA8}.PerfDeploy|x64.ActiveCfg = Release|Any CPU
		{016B6E92-94EB-4890-B7CD-BA8691475AA8}.PerfDeploy|x64.Build.0 = Release|Any CPU
		{016B6E92-94EB-4890-B7CD-BA8691475AA8}.qa|Any CPU.ActiveCfg = Release|Any CPU
		{016B6E92-94EB-4890-B7CD-BA8691475AA8}.qa|Any CPU.Build.0 = Release|Any CPU
		{016B6E92-94EB-4890-B7CD-BA8691475AA8}.qa|x64.ActiveCfg = Release|Any CPU
		{016B6E92-94EB-4890-B7CD-BA8691475AA8}.qa|x64.Build.0 = Release|Any CPU
		{016B6E92-94EB-4890-B7CD-BA8691475AA8}.Release|Any CPU.ActiveCfg = Release|Any CPU
		{016B6E92-94EB-4890-B7CD-BA8691475AA8}.Release|Any CPU.Build.0 = Release|Any CPU
		{016B6E92-94EB-4890-B7CD-BA8691475AA8}.Release|x64.ActiveCfg = Release|Any CPU
		{016B6E92-94EB-4890-B7CD-BA8691475AA8}.Release|x64.Build.0 = Release|Any CPU
	EndGlobalSection
	GlobalSection(SolutionProperties) = preSolution
		HideSolutionNode = FALSE
	EndGlobalSection
EndGlobal
